// !$*UTF8*$!
{
	archiveVersion = 1;
	classes = {
	};
	objectVersion = 46;
	objects = {

/* Begin PBXBuildFile section */
		B7133C4D1D117DDA004F2234 /* Integrate.c in Sources */ = {isa = PBXBuildFile; fileRef = B7133C4C1D117DDA004F2234 /* Integrate.c */; };
		B7133C551D1198C1004F2234 /* test.c in Sources */ = {isa = PBXBuildFile; fileRef = B7133C541D1198C1004F2234 /* test.c */; };
/* End PBXBuildFile section */

/* Begin PBXCopyFilesBuildPhase section */
		B7133C471D117DDA004F2234 /* CopyFiles */ = {
			isa = PBXCopyFilesBuildPhase;
			buildActionMask = 2147483647;
			dstPath = /usr/share/man/man1/;
			dstSubfolderSpec = 0;
			files = (
			);
			runOnlyForDeploymentPostprocessing = 1;
		};
/* End PBXCopyFilesBuildPhase section */

/* Begin PBXFileReference section */
		B7133C491D117DDA004F2234 /* integrate */ = {isa = PBXFileReference; explicitFileType = "compiled.mach-o.executable"; includeInIndex = 0; path = integrate; sourceTree = BUILT_PRODUCTS_DIR; };
		B7133C4C1D117DDA004F2234 /* Integrate.c */ = {isa = PBXFileReference; lastKnownFileType = sourcecode.c.c; path = Integrate.c; sourceTree = "<group>"; };
		B7133C531D117E19004F2234 /* Integrate.h */ = {isa = PBXFileReference; lastKnownFileType = sourcecode.c.h; path = Integrate.h; sourceTree = "<group>"; };
		B7133C541D1198C1004F2234 /* test.c */ = {isa = PBXFileReference; fileEncoding = 4; lastKnownFileType = sourcecode.c.c; path = test.c; sourceTree = "<group>"; };
/* End PBXFileReference section */

/* Begin PBXFrameworksBuildPhase section */
		B7133C461D117DDA004F2234 /* Frameworks */ = {
			isa = PBXFrameworksBuildPhase;
			buildActionMask = 2147483647;
			files = (
			);
			runOnlyForDeploymentPostprocessing = 0;
		};
/* End PBXFrameworksBuildPhase section */

/* Begin PBXGroup section */
		B7133C401D117DDA004F2234 = {
			isa = PBXGroup;
			children = (
				B7133C4B1D117DDA004F2234 /* integrate */,
				B7133C4A1D117DDA004F2234 /* Products */,
			);
			sourceTree = "<group>";
		};
		B7133C4A1D117DDA004F2234 /* Products */ = {
			isa = PBXGroup;
			children = (
				B7133C491D117DDA004F2234 /* integrate */,
			);
			name = Products;
			sourceTree = "<group>";
		};
		B7133C4B1D117DDA004F2234 /* integrate */ = {
			isa = PBXGroup;
			children = (
				B7133C4C1D117DDA004F2234 /* Integrate.c */,
				B7133C531D117E19004F2234 /* Integrate.h */,
				B7133C541D1198C1004F2234 /* test.c */,
			);
			path = integrate;
			sourceTree = "<group>";
		};
/* End PBXGroup section */

/* Begin PBXNativeTarget section */
		B7133C481D117DDA004F2234 /* integrate */ = {
			isa = PBXNativeTarget;
			buildConfigurationList = B7133C501D117DDA004F2234 /* Build configuration list for PBXNativeTarget "integrate" */;
			buildPhases = (
				B7133C451D117DDA004F2234 /* Sources */,
				B7133C461D117DDA004F2234 /* Frameworks */,
				B7133C471D117DDA004F2234 /* CopyFiles */,
			);
			buildRules = (
			);
			dependencies = (
			);
			name = integrate;
			productName = integrate;
			productReference = B7133C491D117DDA004F2234 /* integrate */;
			productType = "com.apple.product-type.tool";
		};
/* End PBXNativeTarget section */

/* Begin PBXProject section */
		B7133C411D117DDA004F2234 /* Project object */ = {
			isa = PBXProject;
			attributes = {
				LastUpgradeCheck = 0730;
				ORGANIZATIONNAME = "Дмитрий";
				TargetAttributes = {
					B7133C481D117DDA004F2234 = {
						CreatedOnToolsVersion = 7.3.1;
					};
				};
			};
			buildConfigurationList = B7133C441D117DDA004F2234 /* Build configuration list for PBXProject "integrate" */;
			compatibilityVersion = "Xcode 3.2";
			developmentRegion = English;
			hasScannedForEncodings = 0;
			knownRegions = (
				en,
			);
			mainGroup = B7133C401D117DDA004F2234;
			productRefGroup = B7133C4A1D117DDA004F2234 /* Products */;
			projectDirPath = "";
			projectRoot = "";
			targets = (
				B7133C481D117DDA004F2234 /* integrate */,
			);
		};
/* End PBXProject section */

/* Begin PBXSourcesBuildPhase section */
		B7133C451D117DDA004F2234 /* Sources */ = {
			isa = PBXSourcesBuildPhase;
			buildActionMask = 2147483647;
			files = (
				B7133C4D1D117DDA004F2234 /* Integrate.c in Sources */,
				B7133C551D1198C1004F2234 /* test.c in Sources */,
			);
			runOnlyForDeploymentPostprocessing = 0;
		};
/* End PBXSourcesBuildPhase section */

/* Begin XCBuildConfiguration section */
		B7133C4E1D117DDA004F2234 /* Debug */ = {
			isa = XCBuildConfiguration;
			buildSettings = {
				ALWAYS_SEARCH_USER_PATHS = NO;
				CLANG_ANALYZER_NONNULL = YES;
				CLANG_CXX_LANGUAGE_STANDARD = "gnu++0x";
				CLANG_CXX_LIBRARY = "libc++";
				CLANG_ENABLE_MODULES = YES;
				CLANG_ENABLE_OBJC_ARC = YES;
				CLANG_WARN_BOOL_CONVERSION = YES;
				CLANG_WARN_CONSTANT_CONVERSION = YES;
				CLANG_WARN_DIRECT_OBJC_ISA_USAGE = YES_ERROR;
				CLANG_WARN_EMPTY_BODY = YES;
				CLANG_WARN_ENUM_CONVERSION = YES;
				CLANG_WARN_INT_CONVERSION = YES;
				CLANG_WARN_OBJC_ROOT_CLASS = YES_ERROR;
				CLANG_WARN_UNREACHABLE_CODE = YES;
				CLANG_WARN__DUPLICATE_METHOD_MATCH = YES;
				CODE_SIGN_IDENTITY = "-";
				COPY_PHASE_STRIP = NO;
				DEBUG_INFORMATION_FORMAT = dwarf;
				ENABLE_STRICT_OBJC_MSGSEND = YES;
				ENABLE_TESTABILITY = YES;
				GCC_C_LANGUAGE_STANDARD = gnu99;
				GCC_DYNAMIC_NO_PIC = NO;
				GCC_NO_COMMON_BLOCKS = YES;
				GCC_OPTIMIZATION_LEVEL = 0;
				GCC_PREPROCESSOR_DEFINITIONS = (
					"DEBUG=1",
					"$(inherited)",
				);
				GCC_WARN_64_TO_32_BIT_CONVERSION = YES;
				GCC_WARN_ABOUT_RETURN_TYPE = YES_ERROR;
				GCC_WARN_UNDECLARED_SELECTOR = YES;
				GCC_WARN_UNINITIALIZED_AUTOS = YES_AGGRESSIVE;
				GCC_WARN_UNUSED_FUNCTION = YES;
				GCC_WARN_UNUSED_VARIABLE = YES;
				MACOSX_DEPLOYMENT_TARGET = 10.11;
				MTL_ENABLE_DEBUG_INFO = YES;
				ONLY_ACTIVE_ARCH = YES;
				SDKROOT = macosx;
			};
			name = Debug;
		};
		B7133C4F1D117DDA004F2234 /* Release */ = {
			isa = XCBuildConfiguration;
			buildSettings = {
				ALWAYS_SEARCH_USER_PATHS = NO;
				CLANG_ANALYZER_NONNULL = YES;
				CLANG_CXX_LANGUAGE_STANDARD = "gnu++0x";
				CLANG_CXX_LIBRARY = "libc++";
				CLANG_ENABLE_MODULES = YES;
				CLANG_ENABLE_OBJC_ARC = YES;
				CLANG_WARN_BOOL_CONVERSION = YES;
				CLANG_WARN_CONSTANT_CONVERSION = YES;
				CLANG_WARN_DIRECT_OBJC_ISA_USAGE = YES_ERROR;
				CLANG_WARN_EMPTY_BODY = YES;
				CLANG_WARN_ENUM_CONVERSION = YES;
				CLANG_WARN_INT_CONVERSION = YES;
				CLANG_WARN_OBJC_ROOT_CLASS = YES_ERROR;
				CLANG_WARN_UNREACHABLE_CODE = YES;
				CLANG_WARN__DUPLICATE_METHOD_MATCH = YES;
				CODE_SIGN_IDENTITY = "-";
				COPY_PHASE_STRIP = NO;
				DEBUG_INFORMATION_FORMAT = "dwarf-with-dsym";
				ENABLE_NS_ASSERTIONS = NO;
				ENABLE_STRICT_OBJC_MSGSEND = YES;
				GCC_C_LANGUAGE_STANDARD = gnu99;
				GCC_NO_COMMON_BLOCKS = YES;
				GCC_WARN_64_TO_32_BIT_CONVERSION = YES;
				GCC_WARN_ABOUT_RETURN_TYPE = YES_ERROR;
				GCC_WARN_UNDECLARED_SELECTOR = YES;
				GCC_WARN_UNINITIALIZED_AUTOS = YES_AGGRESSIVE;
				GCC_WARN_UNUSED_FUNCTION = YES;
				GCC_WARN_UNUSED_VARIABLE = YES;
				MACOSX_DEPLOYMENT_TARGET = 10.11;
				MTL_ENABLE_DEBUG_INFO = NO;
				SDKROOT = macosx;
			};
			name = Release;
		};
		B7133C511D117DDA004F2234 /* Debug */ = {
			isa = XCBuildConfiguration;
			buildSettings = {
				PRODUCT_NAME = "$(TARGET_NAME)";
			};
			name = Debug;
		};
		B7133C521D117DDA004F2234 /* Release */ = {
			isa = XCBuildConfiguration;
			buildSettings = {
				PRODUCT_NAME = "$(TARGET_NAME)";
			};
			name = Release;
		};
/* End XCBuildConfiguration section */

/* Begin XCConfigurationList section */
		B7133C441D117DDA004F2234 /* Build configuration list for PBXProject "integrate" */ = {
			isa = XCConfigurationList;
			buildConfigurations = (
				B7133C4E1D117DDA004F2234 /* Debug */,
				B7133C4F1D117DDA004F2234 /* Release */,
			);
			defaultConfigurationIsVisible = 0;
			defaultConfigurationName = Release;
		};
		B7133C501D117DDA004F2234 /* Build configuration list for PBXNativeTarget "integrate" */ = {
			isa = XCConfigurationList;
			buildConfigurations = (
				B7133C511D117DDA004F2234 /* Debug */,
				B7133C521D117DDA004F2234 /* Release */,
			);
			defaultConfigurationIsVisible = 0;
			defaultConfigurationName = Release;
		};
/* End XCConfigurationList section */
	};
	rootObject = B7133C411D117DDA004F2234 /* Project object */;
}
